Microsoft Visual Studio Solution File, Format Version 12.00
# Visual Studio Version 17
VisualStudioVersion = 17.5.2.0
MinimumVisualStudioVersion = 10.0.40219.1
Project("{FAE04EC0-301F-11D3-BF4B-00C04F79EFBC}") = "DLP.RiskAnalyzer.Analyzer", "DLP.RiskAnalyzer.Analyzer\DLP.RiskAnalyzer.Analyzer.csproj", "{4D05D988-0835-2D44-8234-8A470B495522}"
EndProject
Project("{FAE04EC0-301F-11D3-BF4B-00C04F79EFBC}") = "DLP.RiskAnalyzer.Collector", "DLP.RiskAnalyzer.Collector\DLP.RiskAnalyzer.Collector.csproj", "{3BD6DE2C-3C42-10E9-BBFD-3992BF7B1415}"
EndProject
Project("{FAE04EC0-301F-11D3-BF4B-00C04F79EFBC}") = "DLP.RiskAnalyzer.Dashboard", "DLP.RiskAnalyzer.Dashboard\DLP.RiskAnalyzer.Dashboard.csproj", "{2B75507E-021A-B828-E544-4C35EF501AF2}"
EndProject
Project("{FAE04EC0-301F-11D3-BF4B-00C04F79EFBC}") = "DLP.RiskAnalyzer.Importer", "DLP.RiskAnalyzer.Importer\DLP.RiskAnalyzer.Importer.csproj", "{0CB3CF17-4688-A100-AD66-F617BAE3F35B}"
EndProject
Project("{FAE04EC0-301F-11D3-BF4B-00C04F79EFBC}") = "DLP.RiskAnalyzer.RawDumper", "DLP.RiskAnalyzer.RawDumper\DLP.RiskAnalyzer.RawDumper.csproj", "{B70FF3C3-F7BA-571F-368B-54B1525FBCCC}"
EndProject
Project("{FAE04EC0-301F-11D3-BF4B-00C04F79EFBC}") = "DLP.RiskAnalyzer.Shared", "DLP.RiskAnalyzer.Shared\DLP.RiskAnalyzer.Shared.csproj", "{804DBF8D-2C89-4A0E-0FDA-18DDF507B928}"
EndProject
Project("{FAE04EC0-301F-11D3-BF4B-00C04F79EFBC}") = "DLP.RiskAnalyzer.Tests", "DLP.RiskAnalyzer.Tests\DLP.RiskAnalyzer.Tests.csproj", "{4DD9E5FD-BB51-7CA5-25E2-43BBFCC4F100}"
EndProject
Project("{FAE04EC0-301F-11D3-BF4B-00C04F79EFBC}") = "DLP.RiskAnalyzer.McpServer", "DLP.RiskAnalyzer.McpServer\DLP.RiskAnalyzer.McpServer.csproj", "{1DF97710-D486-4908-994F-430FD3500E44}"
EndProject
Global
	GlobalSection(SolutionConfigurationPlatforms) = preSolution
		Debug|Any CPU = Debug|Any CPU
		Release|Any CPU = Release|Any CPU
	EndGlobalSection
	GlobalSection(ProjectConfigurationPlatforms) = postSolution
		{4D05D988-0835-2D44-8234-8A470B495522}.Debug|Any CPU.ActiveCfg = Debug|Any CPU
		{4D05D988-0835-2D44-8234-8A470B495522}.Debug|Any CPU.Build.0 = Debug|Any CPU
		{4D05D988-0835-2D44-8234-8A470B495522}.Release|Any CPU.ActiveCfg = Release|Any CPU
		{4D05D988-0835-2D44-8234-8A470B495522}.Release|Any CPU.Build.0 = Release|Any CPU
		{3BD6DE2C-3C42-10E9-BBFD-3992BF7B1415}.Debug|Any CPU.ActiveCfg = Debug|Any CPU
		{3BD6DE2C-3C42-10E9-BBFD-3992BF7B1415}.Debug|Any CPU.Build.0 = Debug|Any CPU
		{3BD6DE2C-3C42-10E9-BBFD-3992BF7B1415}.Release|Any CPU.ActiveCfg = Release|Any CPU
		{3BD6DE2C-3C42-10E9-BBFD-3992BF7B1415}.Release|Any CPU.Build.0 = Release|Any CPU
		{2B75507E-021A-B828-E544-4C35EF501AF2}.Debug|Any CPU.ActiveCfg = Debug|Any CPU
		{2B75507E-021A-B828-E544-4C35EF501AF2}.Debug|Any CPU.Build.0 = Debug|Any CPU
		{2B75507E-021A-B828-E544-4C35EF501AF2}.Release|Any CPU.ActiveCfg = Release|Any CPU
		{2B75507E-021A-B828-E544-4C35EF501AF2}.Release|Any CPU.Build.0 = Release|Any CPU
		{0CB3CF17-4688-A100-AD66-F617BAE3F35B}.Debug|Any CPU.ActiveCfg = Debug|Any CPU
		{0CB3CF17-4688-A100-AD66-F617BAE3F35B}.Debug|Any CPU.Build.0 = Debug|Any CPU
		{0CB3CF17-4688-A100-AD66-F617BAE3F35B}.Release|Any CPU.ActiveCfg = Release|Any CPU
		{0CB3CF17-4688-A100-AD66-F617BAE3F35B}.Release|Any CPU.Build.0 = Release|Any CPU
		{B70FF3C3-F7BA-571F-368B-54B1525FBCCC}.Debug|Any CPU.ActiveCfg = Debug|Any CPU
		{B70FF3C3-F7BA-571F-368B-54B1525FBCCC}.Debug|Any CPU.Build.0 = Debug|Any CPU
		{B70FF3C3-F7BA-571F-368B-54B1525FBCCC}.Release|Any CPU.ActiveCfg = Release|Any CPU
		{B70FF3C3-F7BA-571F-368B-54B1525FBCCC}.Release|Any CPU.Build.0 = Release|Any CPU
		{804DBF8D-2C89-4A0E-0FDA-18DDF507B928}.Debug|Any CPU.ActiveCfg = Debug|Any CPU
		{804DBF8D-2C89-4A0E-0FDA-18DDF507B928}.Debug|Any CPU.Build.0 = Debug|Any CPU
		{804DBF8D-2C89-4A0E-0FDA-18DDF507B928}.Release|Any CPU.ActiveCfg = Release|Any CPU
		{804DBF8D-2C89-4A0E-0FDA-18DDF507B928}.Release|Any CPU.Build.0 = Release|Any CPU
		{4DD9E5FD-BB51-7CA5-25E2-43BBFCC4F100}.Debug|Any CPU.ActiveCfg = Debug|Any CPU
		{4DD9E5FD-BB51-7CA5-25E2-43BBFCC4F100}.Debug|Any CPU.Build.0 = Debug|Any CPU
		{4DD9E5FD-BB51-7CA5-25E2-43BBFCC4F100}.Release|Any CPU.ActiveCfg = Release|Any CPU
		{4DD9E5FD-BB51-7CA5-25E2-43BBFCC4F100}.Release|Any CPU.Build.0 = Release|Any CPU
		{1DF97710-D486-4908-994F-430FD3500E44}.Debug|Any CPU.ActiveCfg = Debug|Any CPU
		{1DF97710-D486-4908-994F-430FD3500E44}.Debug|Any CPU.Build.0 = Debug|Any CPU
		{1DF97710-D486-4908-994F-430FD3500E44}.Release|Any CPU.ActiveCfg = Release|Any CPU
		{1DF97710-D486-4908-994F-430FD3500E44}.Release|Any CPU.Build.0 = Release|Any CPU
	EndGlobalSection
	GlobalSection(SolutionProperties) = preSolution
		HideSolutionNode = FALSE
	EndGlobalSection
	GlobalSection(ExtensibilityGlobals) = postSolution
		SolutionGuid = {C3651F4D-EDFE-44C9-8814-1B6B79206FD3}
	EndGlobalSection
EndGlobal
